
Microsoft Visual Studio Solution File, Format Version 12.00
# Visual Studio 15
VisualStudioVersion = 15.0.28010.2026
MinimumVisualStudioVersion = 10.0.40219.1
Project("{9A19103F-16F7-4668-BE54-9A1E7A4F7556}") = "autoscalingADW", "autoscalingADW\autoscalingADW.csproj", "{80F5AE2C-EFDF-44A8-AB2B-807BF9613ACD}"
EndProject
Global
	GlobalSection(SolutionConfigurationPlatforms) = preSolution
		Debug|Any CPU = Debug|Any CPU
		Release|Any CPU = Release|Any CPU
	EndGlobalSection
	GlobalSection(ProjectConfigurationPlatforms) = postSolution
		{80F5AE2C-EFDF-44A8-AB2B-807BF9613ACD}.Debug|Any CPU.ActiveCfg = Debug|Any CPU
		{80F5AE2C-EFDF-44A8-AB2B-807BF9613ACD}.Debug|Any CPU.Build.0 = Debug|Any CPU
		{80F5AE2C-EFDF-44A8-AB2B-807BF9613ACD}.Release|Any CPU.ActiveCfg = Release|Any CPU
		{80F5AE2C-EFDF-44A8-AB2B-807BF9613ACD}.Release|Any CPU.Build.0 = Release|Any CPU
	EndGlobalSection
	GlobalSection(SolutionProperties) = preSolution
		HideSolutionNode = FALSE
	EndGlobalSection
	GlobalSection(ExtensibilityGlobals) = postSolution
		SolutionGuid = {BE984783-9457-4B53-BE2E-00D8C0543C9A}
	EndGlobalSection
EndGlobal
